{
  "requires": true,
  "lockfileVersion": 1,
  "dependencies": {
    "@babel/runtime": {
      "version": "7.15.4",
      "resolved": "https://registry.npmjs.org/@babel/runtime/-/runtime-7.15.4.tgz",
      "integrity": "sha512-99catp6bHCaxr4sJ/DbTGgHS4+Rs2RVd2g7iOap6SLGPDknRK9ztKNsE/Fg6QhSeh1FGE5f6gHGQmvvn3I3xhw==",
      "requires": {
        "regenerator-runtime": "^0.13.4"
      }
    },
    "@emotion/hash": {
      "version": "0.8.0",
      "resolved": "https://registry.npmjs.org/@emotion/hash/-/hash-0.8.0.tgz",
      "integrity": "sha512-kBJtf7PH6aWwZ6fka3zQ0p6SBYzx4fl1LoZXE2RrnYST9Xljm7WfKJrU4g/Xr3Beg72MLrp1AWNUmuYJTL7Cow=="
    },
    "@ethersproject/abi": {
      "version": "5.4.0",
      "resolved": "https://registry.npmjs.org/@ethersproject/abi/-/abi-5.4.0.tgz",
      "integrity": "sha512-9gU2H+/yK1j2eVMdzm6xvHSnMxk8waIHQGYCZg5uvAyH0rsAzxkModzBSpbAkAuhKFEovC2S9hM4nPuLym8IZw==",
      "requires": {
        "@ethersproject/address": "^5.4.0",
        "@ethersproject/bignumber": "^5.4.0",
        "@ethersproject/bytes": "^5.4.0",
        "@ethersproject/constants": "^5.4.0",
        "@ethersproject/hash": "^5.4.0",
        "@ethersproject/keccak256": "^5.4.0",
        "@ethersproject/logger": "^5.4.0",
        "@ethersproject/properties": "^5.4.0",
        "@ethersproject/strings": "^5.4.0"
      }
    },
    "@ethersproject/abstract-provider": {
      "version": "5.4.0",
      "resolved": "https://registry.npmjs.org/@ethersproject/abstract-provider/-/abstract-provider-5.4.0.tgz",
      "integrity": "sha512-vPBR7HKUBY0lpdllIn7tLIzNN7DrVnhCLKSzY0l8WAwxz686m/aL7ASDzrVxV93GJtIub6N2t4dfZ29CkPOxgA==",
      "requires": {
        "@ethersproject/bignumber": "^5.4.0",
        "@ethersproject/bytes": "^5.4.0",
        "@ethersproject/logger": "^5.4.0",
        "@ethersproject/networks": "^5.4.0",
        "@ethersproject/properties": "^5.4.0",
        "@ethersproject/transactions": "^5.4.0",
        "@ethersproject/web": "^5.4.0"
      }
    },
    "@ethersproject/abstract-signer": {
      "version": "5.4.0",
      "resolved": "https://registry.npmjs.org/@ethersproject/abstract-signer/-/abstract-signer-5.4.0.tgz",
      "integrity": "sha512-AieQAzt05HJZS2bMofpuxMEp81AHufA5D6M4ScKwtolj041nrfIbIi8ciNW7+F59VYxXq+V4c3d568Q6l2m8ew==",
      "requires": {
        "@ethersproject/abstract-provider": "^5.4.0",
        "@ethersproject/bignumber": "^5.4.0",
        "@ethersproject/bytes": "^5.4.0",
        "@ethersproject/logger": "^5.4.0",
        "@ethersproject/properties": "^5.4.0"
      }
    },
    "@ethersproject/address": {
      "version": "5.4.0",
      "resolved": "https://registry.npmjs.org/@ethersproject/address/-/address-5.4.0.tgz",
      "integrity": "sha512-SD0VgOEkcACEG/C6xavlU1Hy3m5DGSXW3CUHkaaEHbAPPsgi0coP5oNPsxau8eTlZOk/bpa/hKeCNoK5IzVI2Q==",
      "requires": {
        "@ethersproject/bignumber": "^5.4.0",
        "@ethersproject/bytes": "^5.4.0",
        "@ethersproject/keccak256": "^5.4.0",
        "@ethersproject/logger": "^5.4.0",
        "@ethersproject/rlp": "^5.4.0"
      }
    },
    "@ethersproject/base64": {
      "version": "5.4.0",
      "resolved": "https://registry.npmjs.org/@ethersproject/base64/-/base64-5.4.0.tgz",
      "integrity": "sha512-CjQw6E17QDSSC5jiM9YpF7N1aSCHmYGMt9bWD8PWv6YPMxjsys2/Q8xLrROKI3IWJ7sFfZ8B3flKDTM5wlWuZQ==",
      "requires": {
        "@ethersproject/bytes": "^5.4.0"
      }
    },
    "@ethersproject/basex": {
      "version": "5.4.0",
      "resolved": "https://registry.npmjs.org/@ethersproject/basex/-/basex-5.4.0.tgz",
      "integrity": "sha512-J07+QCVJ7np2bcpxydFVf/CuYo9mZ7T73Pe7KQY4c1lRlrixMeblauMxHXD0MPwFmUHZIILDNViVkykFBZylbg==",
      "requires": {
        "@ethersproject/bytes": "^5.4.0",
        "@ethersproject/properties": "^5.4.0"
      }
    },
    "@ethersproject/bignumber": {
      "version": "5.4.0",
      "resolved": "https://registry.npmjs.org/@ethersproject/bignumber/-/bignumber-5.4.0.tgz",
      "integrity": "sha512-OXUu9f9hO3vGRIPxU40cignXZVaYyfx6j9NNMjebKdnaCL3anCLSSy8/b8d03vY6dh7duCC0kW72GEC4tZer2w==",
      "requires": {
        "@ethersproject/bytes": "^5.4.0",
        "@ethersproject/logger": "^5.4.0",
        "bn.js": "^4.11.9"
      }
    },
    "@ethersproject/bytes": {
      "version": "5.5.0",
      "resolved": "https://registry.npmjs.org/@ethersproject/bytes/-/bytes-5.5.0.tgz",
      "integrity": "sha512-ABvc7BHWhZU9PNM/tANm/Qx4ostPGadAuQzWTr3doklZOhDlmcBqclrQe/ZXUIj3K8wC28oYeuRa+A37tX9kog==",
      "requires": {
        "@ethersproject/logger": "^5.5.0"
      }
    },
    "@ethersproject/constants": {
      "version": "5.4.0",
      "resolved": "https://registry.npmjs.org/@ethersproject/constants/-/constants-5.4.0.tgz",
      "integrity": "sha512-tzjn6S7sj9+DIIeKTJLjK9WGN2Tj0P++Z8ONEIlZjyoTkBuODN+0VfhAyYksKi43l1Sx9tX2VlFfzjfmr5Wl3Q==",
      "requires": {
        "@ethersproject/bignumber": "^5.4.0"
      }
    },
    "@ethersproject/contracts": {
      "version": "5.4.0",
      "resolved": "https://registry.npmjs.org/@ethersproject/contracts/-/contracts-5.4.0.tgz",
      "integrity": "sha512-hkO3L3IhS1Z3ZtHtaAG/T87nQ7KiPV+/qnvutag35I0IkiQ8G3ZpCQ9NNOpSCzn4pWSW4CfzmtE02FcqnLI+hw==",
      "requires": {
        "@ethersproject/abi": "^5.4.0",
        "@ethersproject/abstract-provider": "^5.4.0",
        "@ethersproject/abstract-signer": "^5.4.0",
        "@ethersproject/address": "^5.4.0",
        "@ethersproject/bignumber": "^5.4.0",
        "@ethersproject/bytes": "^5.4.0",
        "@ethersproject/constants": "^5.4.0",
        "@ethersproject/logger": "^5.4.0",
        "@ethersproject/properties": "^5.4.0",
        "@ethersproject/transactions": "^5.4.0"
      }
    },
    "@ethersproject/hash": {
      "version": "5.4.0",
      "resolved": "https://registry.npmjs.org/@ethersproject/hash/-/hash-5.4.0.tgz",
      "integrity": "sha512-xymAM9tmikKgbktOCjW60Z5sdouiIIurkZUr9oW5NOex5uwxrbsYG09kb5bMcNjlVeJD3yPivTNzViIs1GCbqA==",
      "requires": {
        "@ethersproject/abstract-signer": "^5.4.0",
        "@ethersproject/address": "^5.4.0",
        "@ethersproject/bignumber": "^5.4.0",
        "@ethersproject/bytes": "^5.4.0",
        "@ethersproject/keccak256": "^5.4.0",
        "@ethersproject/logger": "^5.4.0",
        "@ethersproject/properties": "^5.4.0",
        "@ethersproject/strings": "^5.4.0"
      }
    },
    "@ethersproject/hdnode": {
      "version": "5.4.0",
      "resolved": "https://registry.npmjs.org/@ethersproject/hdnode/-/hdnode-5.4.0.tgz",
      "integrity": "sha512-pKxdS0KAaeVGfZPp1KOiDLB0jba11tG6OP1u11QnYfb7pXn6IZx0xceqWRr6ygke8+Kw74IpOoSi7/DwANhy8Q==",
      "requires": {
        "@ethersproject/abstract-signer": "^5.4.0",
        "@ethersproject/basex": "^5.4.0",
        "@ethersproject/bignumber": "^5.4.0",
        "@ethersproject/bytes": "^5.4.0",
        "@ethersproject/logger": "^5.4.0",
        "@ethersproject/pbkdf2": "^5.4.0",
        "@ethersproject/properties": "^5.4.0",
        "@ethersproject/sha2": "^5.4.0",
        "@ethersproject/signing-key": "^5.4.0",
        "@ethersproject/strings": "^5.4.0",
        "@ethersproject/transactions": "^5.4.0",
        "@ethersproject/wordlists": "^5.4.0"
      }
    },
    "@ethersproject/json-wallets": {
      "version": "5.4.0",
      "resolved": "https://registry.npmjs.org/@ethersproject/json-wallets/-/json-wallets-5.4.0.tgz",
      "integrity": "sha512-igWcu3fx4aiczrzEHwG1xJZo9l1cFfQOWzTqwRw/xcvxTk58q4f9M7cjh51EKphMHvrJtcezJ1gf1q1AUOfEQQ==",
      "requires": {
        "@ethersproject/abstract-signer": "^5.4.0",
        "@ethersproject/address": "^5.4.0",
        "@ethersproject/bytes": "^5.4.0",
        "@ethersproject/hdnode": "^5.4.0",
        "@ethersproject/keccak256": "^5.4.0",
        "@ethersproject/logger": "^5.4.0",
        "@ethersproject/pbkdf2": "^5.4.0",
        "@ethersproject/properties": "^5.4.0",
        "@ethersproject/random": "^5.4.0",
        "@ethersproject/strings": "^5.4.0",
        "@ethersproject/transactions": "^5.4.0",
        "aes-js": "3.0.0",
        "scrypt-js": "3.0.1"
      }
    },
    "@ethersproject/keccak256": {
      "version": "5.5.0",
      "resolved": "https://registry.npmjs.org/@ethersproject/keccak256/-/keccak256-5.5.0.tgz",
      "integrity": "sha512-5VoFCTjo2rYbBe1l2f4mccaRFN/4VQEYFwwn04aJV2h7qf4ZvI2wFxUE1XOX+snbwCLRzIeikOqtAoPwMza9kg==",
      "requires": {
        "@ethersproject/bytes": "^5.5.0",
        "js-sha3": "0.8.0"
      }
    },
    "@ethersproject/logger": {
      "version": "5.5.0",
      "resolved": "https://registry.npmjs.org/@ethersproject/logger/-/logger-5.5.0.tgz",
      "integrity": "sha512-rIY/6WPm7T8n3qS2vuHTUBPdXHl+rGxWxW5okDfo9J4Z0+gRRZT0msvUdIJkE4/HS29GUMziwGaaKO2bWONBrg=="
    },
    "@ethersproject/networks": {
      "version": "5.4.1",
      "resolved": "https://registry.npmjs.org/@ethersproject/networks/-/networks-5.4.1.tgz",
      "integrity": "sha512-8SvowCKz9Uf4xC5DTKI8+il8lWqOr78kmiqAVLYT9lzB8aSmJHQMD1GSuJI0CW4hMAnzocpGpZLgiMdzsNSPig==",
      "requires": {
        "@ethersproject/logger": "^5.4.0"
      }
    },
    "@ethersproject/pbkdf2": {
      "version": "5.4.0",
      "resolved": "https://registry.npmjs.org/@ethersproject/pbkdf2/-/pbkdf2-5.4.0.tgz",
      "integrity": "sha512-x94aIv6tiA04g6BnazZSLoRXqyusawRyZWlUhKip2jvoLpzJuLb//KtMM6PEovE47pMbW+Qe1uw+68ameJjB7g==",
      "requires": {
        "@ethersproject/bytes": "^5.4.0",
        "@ethersproject/sha2": "^5.4.0"
      }
    },
    "@ethersproject/properties": {
      "version": "5.4.0",
      "resolved": "https://registry.npmjs.org/@ethersproject/properties/-/properties-5.4.0.tgz",
      "integrity": "sha512-7jczalGVRAJ+XSRvNA6D5sAwT4gavLq3OXPuV/74o3Rd2wuzSL035IMpIMgei4CYyBdialJMrTqkOnzccLHn4A==",
      "requires": {
        "@ethersproject/logger": "^5.4.0"
      }
    },
    "@ethersproject/providers": {
      "version": "5.4.1",
      "resolved": "https://registry.npmjs.org/@ethersproject/providers/-/providers-5.4.1.tgz",
      "integrity": "sha512-p06eiFKz8nu/5Ju0kIX024gzEQIgE5pvvGrBCngpyVjpuLtUIWT3097Agw4mTn9/dEA0FMcfByzFqacBMSgCVg==",
      "requires": {
        "@ethersproject/abstract-provider": "^5.4.0",
        "@ethersproject/abstract-signer": "^5.4.0",
        "@ethersproject/address": "^5.4.0",
        "@ethersproject/basex": "^5.4.0",
        "@ethersproject/bignumber": "^5.4.0",
        "@ethersproject/bytes": "^5.4.0",
        "@ethersproject/constants": "^5.4.0",
        "@ethersproject/hash": "^5.4.0",
        "@ethersproject/logger": "^5.4.0",
        "@ethersproject/networks": "^5.4.0",
        "@ethersproject/properties": "^5.4.0",
        "@ethersproject/random": "^5.4.0",
        "@ethersproject/rlp": "^5.4.0",
        "@ethersproject/sha2": "^5.4.0",
        "@ethersproject/strings": "^5.4.0",
        "@ethersproject/transactions": "^5.4.0",
        "@ethersproject/web": "^5.4.0",
        "bech32": "1.1.4",
        "ws": "7.4.6"
      }
    },
    "@ethersproject/random": {
      "version": "5.4.0",
      "resolved": "https://registry.npmjs.org/@ethersproject/random/-/random-5.4.0.tgz",
      "integrity": "sha512-pnpWNQlf0VAZDEOVp1rsYQosmv2o0ITS/PecNw+mS2/btF8eYdspkN0vIXrCMtkX09EAh9bdk8GoXmFXM1eAKw==",
      "requires": {
        "@ethersproject/bytes": "^5.4.0",
        "@ethersproject/logger": "^5.4.0"
      }
    },
    "@ethersproject/rlp": {
      "version": "5.4.0",
      "resolved": "https://registry.npmjs.org/@ethersproject/rlp/-/rlp-5.4.0.tgz",
      "integrity": "sha512-0I7MZKfi+T5+G8atId9QaQKHRvvasM/kqLyAH4XxBCBchAooH2EX5rL9kYZWwcm3awYV+XC7VF6nLhfeQFKVPg==",
      "requires": {
        "@ethersproject/bytes": "^5.4.0",
        "@ethersproject/logger": "^5.4.0"
      }
    },
    "@ethersproject/sha2": {
      "version": "5.4.0",
      "resolved": "https://registry.npmjs.org/@ethersproject/sha2/-/sha2-5.4.0.tgz",
      "integrity": "sha512-siheo36r1WD7Cy+bDdE1BJ8y0bDtqXCOxRMzPa4bV1TGt/eTUUt03BHoJNB6reWJD8A30E/pdJ8WFkq+/uz4Gg==",
      "requires": {
        "@ethersproject/bytes": "^5.4.0",
        "@ethersproject/logger": "^5.4.0",
        "hash.js": "1.1.7"
      }
    },
    "@ethersproject/signing-key": {
      "version": "5.4.0",
      "resolved": "https://registry.npmjs.org/@ethersproject/signing-key/-/signing-key-5.4.0.tgz",
      "integrity": "sha512-q8POUeywx6AKg2/jX9qBYZIAmKSB4ubGXdQ88l40hmATj29JnG5pp331nAWwwxPn2Qao4JpWHNZsQN+bPiSW9A==",
      "requires": {
        "@ethersproject/bytes": "^5.4.0",
        "@ethersproject/logger": "^5.4.0",
        "@ethersproject/properties": "^5.4.0",
        "bn.js": "^4.11.9",
        "elliptic": "6.5.4",
        "hash.js": "1.1.7"
      }
    },
    "@ethersproject/solidity": {
      "version": "5.4.0",
      "resolved": "https://registry.npmjs.org/@ethersproject/solidity/-/solidity-5.4.0.tgz",
      "integrity": "sha512-XFQTZ7wFSHOhHcV1DpcWj7VXECEiSrBuv7JErJvB9Uo+KfCdc3QtUZV+Vjh/AAaYgezUEKbCtE6Khjm44seevQ==",
      "requires": {
        "@ethersproject/bignumber": "^5.4.0",
        "@ethersproject/bytes": "^5.4.0",
        "@ethersproject/keccak256": "^5.4.0",
        "@ethersproject/sha2": "^5.4.0",
        "@ethersproject/strings": "^5.4.0"
      }
    },
    "@ethersproject/strings": {
      "version": "5.4.0",
      "resolved": "https://registry.npmjs.org/@ethersproject/strings/-/strings-5.4.0.tgz",
      "integrity": "sha512-k/9DkH5UGDhv7aReXLluFG5ExurwtIpUfnDNhQA29w896Dw3i4uDTz01Quaptbks1Uj9kI8wo9tmW73wcIEaWA==",
      "requires": {
        "@ethersproject/bytes": "^5.4.0",
        "@ethersproject/constants": "^5.4.0",
        "@ethersproject/logger": "^5.4.0"
      }
    },
    "@ethersproject/transactions": {
      "version": "5.4.0",
      "resolved": "https://registry.npmjs.org/@ethersproject/transactions/-/transactions-5.4.0.tgz",
      "integrity": "sha512-s3EjZZt7xa4BkLknJZ98QGoIza94rVjaEed0rzZ/jB9WrIuu/1+tjvYCWzVrystXtDswy7TPBeIepyXwSYa4WQ==",
      "requires": {
        "@ethersproject/address": "^5.4.0",
        "@ethersproject/bignumber": "^5.4.0",
        "@ethersproject/bytes": "^5.4.0",
        "@ethersproject/constants": "^5.4.0",
        "@ethersproject/keccak256": "^5.4.0",
        "@ethersproject/logger": "^5.4.0",
        "@ethersproject/properties": "^5.4.0",
        "@ethersproject/rlp": "^5.4.0",
        "@ethersproject/signing-key": "^5.4.0"
      }
    },
    "@ethersproject/units": {
      "version": "5.4.0",
      "resolved": "https://registry.npmjs.org/@ethersproject/units/-/units-5.4.0.tgz",
      "integrity": "sha512-Z88krX40KCp+JqPCP5oPv5p750g+uU6gopDYRTBGcDvOASh6qhiEYCRatuM/suC4S2XW9Zz90QI35MfSrTIaFg==",
      "requires": {
        "@ethersproject/bignumber": "^5.4.0",
        "@ethersproject/constants": "^5.4.0",
        "@ethersproject/logger": "^5.4.0"
      }
    },
    "@ethersproject/wallet": {
      "version": "5.4.0",
      "resolved": "https://registry.npmjs.org/@ethersproject/wallet/-/wallet-5.4.0.tgz",
      "integrity": "sha512-wU29majLjM6AjCjpat21mPPviG+EpK7wY1+jzKD0fg3ui5fgedf2zEu1RDgpfIMsfn8fJHJuzM4zXZ2+hSHaSQ==",
      "requires": {
        "@ethersproject/abstract-provider": "^5.4.0",
        "@ethersproject/abstract-signer": "^5.4.0",
        "@ethersproject/address": "^5.4.0",
        "@ethersproject/bignumber": "^5.4.0",
        "@ethersproject/bytes": "^5.4.0",
        "@ethersproject/hash": "^5.4.0",
        "@ethersproject/hdnode": "^5.4.0",
        "@ethersproject/json-wallets": "^5.4.0",
        "@ethersproject/keccak256": "^5.4.0",
        "@ethersproject/logger": "^5.4.0",
        "@ethersproject/properties": "^5.4.0",
        "@ethersproject/random": "^5.4.0",
        "@ethersproject/signing-key": "^5.4.0",
        "@ethersproject/transactions": "^5.4.0",
        "@ethersproject/wordlists": "^5.4.0"
      }
    },
    "@ethersproject/web": {
      "version": "5.4.0",
      "resolved": "https://registry.npmjs.org/@ethersproject/web/-/web-5.4.0.tgz",
      "integrity": "sha512-1bUusGmcoRLYgMn6c1BLk1tOKUIFuTg8j+6N8lYlbMpDesnle+i3pGSagGNvwjaiLo4Y5gBibwctpPRmjrh4Og==",
      "requires": {
        "@ethersproject/base64": "^5.4.0",
        "@ethersproject/bytes": "^5.4.0",
        "@ethersproject/logger": "^5.4.0",
        "@ethersproject/properties": "^5.4.0",
        "@ethersproject/strings": "^5.4.0"
      }
    },
    "@ethersproject/wordlists": {
      "version": "5.4.0",
      "resolved": "https://registry.npmjs.org/@ethersproject/wordlists/-/wordlists-5.4.0.tgz",
      "integrity": "sha512-FemEkf6a+EBKEPxlzeVgUaVSodU7G0Na89jqKjmWMlDB0tomoU8RlEMgUvXyqtrg8N4cwpLh8nyRnm1Nay1isA==",
      "requires": {
        "@ethersproject/bytes": "^5.4.0",
        "@ethersproject/hash": "^5.4.0",
        "@ethersproject/logger": "^5.4.0",
        "@ethersproject/properties": "^5.4.0",
        "@ethersproject/strings": "^5.4.0"
      }
    },
    "@material-ui/core": {
      "version": "4.12.3",
      "resolved": "https://registry.npmjs.org/@material-ui/core/-/core-4.12.3.tgz",
      "integrity": "sha512-sdpgI/PL56QVsEJldwEe4FFaFTLUqN+rd7sSZiRCdx2E/C7z5yK0y/khAWVBH24tXwto7I1hCzNWfJGZIYJKnw==",
      "requires": {
        "@babel/runtime": "^7.4.4",
        "@material-ui/styles": "^4.11.4",
        "@material-ui/system": "^4.12.1",
        "@material-ui/types": "5.1.0",
        "@material-ui/utils": "^4.11.2",
        "@types/react-transition-group": "^4.2.0",
        "clsx": "^1.0.4",
        "hoist-non-react-statics": "^3.3.2",
        "popper.js": "1.16.1-lts",
        "prop-types": "^15.7.2",
        "react-is": "^16.8.0 || ^17.0.0",
        "react-transition-group": "^4.4.0"
      }
    },
    "@material-ui/styles": {
      "version": "4.11.4",
      "resolved": "https://registry.npmjs.org/@material-ui/styles/-/styles-4.11.4.tgz",
      "integrity": "sha512-KNTIZcnj/zprG5LW0Sao7zw+yG3O35pviHzejMdcSGCdWbiO8qzRgOYL8JAxAsWBKOKYwVZxXtHWaB5T2Kvxew==",
      "requires": {
        "@babel/runtime": "^7.4.4",
        "@emotion/hash": "^0.8.0",
        "@material-ui/types": "5.1.0",
        "@material-ui/utils": "^4.11.2",
        "clsx": "^1.0.4",
        "csstype": "^2.5.2",
        "hoist-non-react-statics": "^3.3.2",
        "jss": "^10.5.1",
        "jss-plugin-camel-case": "^10.5.1",
        "jss-plugin-default-unit": "^10.5.1",
        "jss-plugin-global": "^10.5.1",
        "jss-plugin-nested": "^10.5.1",
        "jss-plugin-props-sort": "^10.5.1",
        "jss-plugin-rule-value-function": "^10.5.1",
        "jss-plugin-vendor-prefixer": "^10.5.1",
        "prop-types": "^15.7.2"
      },
      "dependencies": {
        "csstype": {
          "version": "2.6.18",
          "resolved": "https://registry.npmjs.org/csstype/-/csstype-2.6.18.tgz",
          "integrity": "sha512-RSU6Hyeg14am3Ah4VZEmeX8H7kLwEEirXe6aU2IPfKNvhXwTflK5HQRDNI0ypQXoqmm+QPyG2IaPuQE5zMwSIQ=="
        }
      }
    },
    "@material-ui/system": {
      "version": "4.12.1",
      "resolved": "https://registry.npmjs.org/@material-ui/system/-/system-4.12.1.tgz",
      "integrity": "sha512-lUdzs4q9kEXZGhbN7BptyiS1rLNHe6kG9o8Y307HCvF4sQxbCgpL2qi+gUk+yI8a2DNk48gISEQxoxpgph0xIw==",
      "requires": {
        "@babel/runtime": "^7.4.4",
        "@material-ui/utils": "^4.11.2",
        "csstype": "^2.5.2",
        "prop-types": "^15.7.2"
      },
      "dependencies": {
        "csstype": {
          "version": "2.6.18",
          "resolved": "https://registry.npmjs.org/csstype/-/csstype-2.6.18.tgz",
          "integrity": "sha512-RSU6Hyeg14am3Ah4VZEmeX8H7kLwEEirXe6aU2IPfKNvhXwTflK5HQRDNI0ypQXoqmm+QPyG2IaPuQE5zMwSIQ=="
        }
      }
    },
    "@material-ui/types": {
      "version": "5.1.0",
      "resolved": "https://registry.npmjs.org/@material-ui/types/-/types-5.1.0.tgz",
      "integrity": "sha512-7cqRjrY50b8QzRSYyhSpx4WRw2YuO0KKIGQEVk5J8uoz2BanawykgZGoWEqKm7pVIbzFDN0SpPcVV4IhOFkl8A=="
    },
    "@material-ui/utils": {
      "version": "4.11.2",
      "resolved": "https://registry.npmjs.org/@material-ui/utils/-/utils-4.11.2.tgz",
      "integrity": "sha512-Uul8w38u+PICe2Fg2pDKCaIG7kOyhowZ9vjiC1FsVwPABTW8vPPKfF6OvxRq3IiBaI1faOJmgdvMG7rMJARBhA==",
      "requires": {
        "@babel/runtime": "^7.4.4",
        "prop-types": "^15.7.2",
        "react-is": "^16.8.0 || ^17.0.0"
      }
    },
    "@types/prop-types": {
      "version": "15.7.4",
      "resolved": "https://registry.npmjs.org/@types/prop-types/-/prop-types-15.7.4.tgz",
      "integrity": "sha512-rZ5drC/jWjrArrS8BR6SIr4cWpW09RNTYt9AMZo3Jwwif+iacXAqgVjm0B0Bv/S1jhDXKHqRVNCbACkJ89RAnQ=="
    },
    "@types/react": {
      "version": "17.0.1",
      "resolved": "https://registry.npmjs.org/@types/react/-/react-17.0.1.tgz",
      "integrity": "sha512-w8t9f53B2ei4jeOqf/gxtc2Sswnc3LBK5s0DyJcg5xd10tMHXts2N31cKjWfH9IC/JvEPa/YF1U4YeP1t4R6HQ==",
      "requires": {
        "@types/prop-types": "*",
        "csstype": "^3.0.2"
      }
    },
    "@types/react-transition-group": {
      "version": "4.4.4",
      "resolved": "https://registry.npmjs.org/@types/react-transition-group/-/react-transition-group-4.4.4.tgz",
      "integrity": "sha512-7gAPz7anVK5xzbeQW9wFBDg7G++aPLAFY0QaSMOou9rJZpbuI58WAuJrgu+qR92l61grlnCUe7AFX8KGahAgug==",
      "requires": {
        "@types/react": "*"
      }
    },
    "@usedapp/core": {
      "version": "0.5.4",
      "resolved": "https://registry.npmjs.org/@usedapp/core/-/core-0.5.4.tgz",
      "integrity": "sha512-KAGnH/PA8WBEOR14N9mE3woDXkraVHNVj64XvZTAyxFW9N6rSUX3e6LX85TQ3WRvX1fysppP9433c2ciUrx4Yw==",
      "requires": {
        "@types/react": "17.0.1",
        "@web3-react/core": "6.1.1",
        "@web3-react/injected-connector": "6.0.7",
        "@web3-react/network-connector": "6.1.5",
        "ethers": "5.4.1",
        "lodash.merge": "^4.6.2",
        "nanoid": "3.1.22"
      }
    },
    "@web3-react/abstract-connector": {
      "version": "6.0.7",
      "resolved": "https://registry.npmjs.org/@web3-react/abstract-connector/-/abstract-connector-6.0.7.tgz",
      "integrity": "sha512-RhQasA4Ox8CxUC0OENc1AJJm8UTybu/oOCM61Zjg6y0iF7Z0sqv1Ai1VdhC33hrQpA8qSBgoXN9PaP8jKmtdqg==",
      "requires": {
        "@web3-react/types": "^6.0.7"
      }
    },
    "@web3-react/core": {
      "version": "6.1.1",
      "resolved": "https://registry.npmjs.org/@web3-react/core/-/core-6.1.1.tgz",
      "integrity": "sha512-HKXOgPNCmFvrVsed+aW/HlVhwzs8t3b+nzg3BoxgJQo/5yLiJXSumHRBdUrPxhBQiHkHRZiVPAvzf/8JMnm74Q==",
      "requires": {
        "@ethersproject/keccak256": "^5.0.0-beta.130",
        "@web3-react/abstract-connector": "^6.0.7",
        "@web3-react/types": "^6.0.7",
        "tiny-invariant": "^1.0.6",
        "tiny-warning": "^1.0.3"
      }
    },
    "@web3-react/injected-connector": {
      "version": "6.0.7",
      "resolved": "https://registry.npmjs.org/@web3-react/injected-connector/-/injected-connector-6.0.7.tgz",
      "integrity": "sha512-Y7aJSz6pg+MWKtvdyuqyy6LWuH+4Tqtph1LWfiyVms9II9ar/9B/de4R8wh4wjg91wmHkU+D75yP09E/Soh2RA==",
      "requires": {
        "@web3-react/abstract-connector": "^6.0.7",
        "@web3-react/types": "^6.0.7",
        "tiny-warning": "^1.0.3"
      }
    },
    "@web3-react/network-connector": {
      "version": "6.1.5",
      "resolved": "https://registry.npmjs.org/@web3-react/network-connector/-/network-connector-6.1.5.tgz",
      "integrity": "sha512-Uwk8iMG8YCnTeKmyXt3Q7QJN28qTs0YTTW8/aes2R26KmYWCk3GdL2eal0QcXUixJy/IjrhXzbwzHgpneJqrWg==",
      "requires": {
        "@web3-react/abstract-connector": "^6.0.7",
        "@web3-react/types": "^6.0.7",
        "tiny-invariant": "^1.0.6"
      }
    },
    "@web3-react/types": {
      "version": "6.0.7",
      "resolved": "https://registry.npmjs.org/@web3-react/types/-/types-6.0.7.tgz",
      "integrity": "sha512-ofGmfDhxmNT1/P/MgVa8IKSkCStFiyvXe+U5tyZurKdrtTDFU+wJ/LxClPDtFerWpczNFPUSrKcuhfPX1sI6+A=="
    },
    "aes-js": {
      "version": "3.0.0",
      "resolved": "https://registry.npmjs.org/aes-js/-/aes-js-3.0.0.tgz",
      "integrity": "sha1-4h3xCtbCBTKVvLuNq0Cwnb6ofk0="
    },
    "bech32": {
      "version": "1.1.4",
      "resolved": "https://registry.npmjs.org/bech32/-/bech32-1.1.4.tgz",
      "integrity": "sha512-s0IrSOzLlbvX7yp4WBfPITzpAU8sqQcpsmwXDiKwrG4r491vwCO/XpejasRNl0piBMe/DvP4Tz0mIS/X1DPJBQ=="
    },
    "bn.js": {
      "version": "4.12.0",
      "resolved": "https://registry.npmjs.org/bn.js/-/bn.js-4.12.0.tgz",
      "integrity": "sha512-c98Bf3tPniI+scsdk237ku1Dc3ujXQTSgyiPUDEOe7tRkhrqridvh8klBv0HCEso1OLOYcHuCv/cS6DNxKH+ZA=="
    },
    "brorand": {
      "version": "1.1.0",
      "resolved": "https://registry.npmjs.org/brorand/-/brorand-1.1.0.tgz",
      "integrity": "sha1-EsJe/kCkXjwyPrhnWgoM5XsiNx8="
    },
    "clsx": {
      "version": "1.1.1",
      "resolved": "https://registry.npmjs.org/clsx/-/clsx-1.1.1.tgz",
      "integrity": "sha512-6/bPho624p3S2pMyvP5kKBPXnI3ufHLObBFCfgx+LkeR5lg2XYy2hqZqUf45ypD8COn2bhgGJSUE+l5dhNBieA=="
    },
    "css-vendor": {
      "version": "2.0.8",
      "resolved": "https://registry.npmjs.org/css-vendor/-/css-vendor-2.0.8.tgz",
      "integrity": "sha512-x9Aq0XTInxrkuFeHKbYC7zWY8ai7qJ04Kxd9MnvbC1uO5DagxoHQjm4JvG+vCdXOoFtCjbL2XSZfxmoYa9uQVQ==",
      "requires": {
        "@babel/runtime": "^7.8.3",
        "is-in-browser": "^1.0.2"
      }
    },
    "csstype": {
      "version": "3.0.9",
      "resolved": "https://registry.npmjs.org/csstype/-/csstype-3.0.9.tgz",
      "integrity": "sha512-rpw6JPxK6Rfg1zLOYCSwle2GFOOsnjmDYDaBwEcwoOg4qlsIVCN789VkBZDJAGi4T07gI4YSutR43t9Zz4Lzuw=="
    },
    "dom-helpers": {
      "version": "5.2.1",
      "resolved": "https://registry.npmjs.org/dom-helpers/-/dom-helpers-5.2.1.tgz",
      "integrity": "sha512-nRCa7CK3VTrM2NmGkIy4cbK7IZlgBE/PYMn55rrXefr5xXDP0LdtfPnblFDoVdcAfslJ7or6iqAUnx0CCGIWQA==",
      "requires": {
        "@babel/runtime": "^7.8.7",
        "csstype": "^3.0.2"
      }
    },
    "elliptic": {
      "version": "6.5.4",
      "resolved": "https://registry.npmjs.org/elliptic/-/elliptic-6.5.4.tgz",
      "integrity": "sha512-iLhC6ULemrljPZb+QutR5TQGB+pdW6KGD5RSegS+8sorOZT+rdQFbsQFJgvN3eRqNALqJer4oQ16YvJHlU8hzQ==",
      "requires": {
        "bn.js": "^4.11.9",
        "brorand": "^1.1.0",
        "hash.js": "^1.0.0",
        "hmac-drbg": "^1.0.1",
        "inherits": "^2.0.4",
        "minimalistic-assert": "^1.0.1",
        "minimalistic-crypto-utils": "^1.0.1"
      }
    },
    "ethers": {
      "version": "5.4.1",
      "resolved": "https://registry.npmjs.org/ethers/-/ethers-5.4.1.tgz",
      "integrity": "sha512-SrcddMdCgP1hukDvCPd87Aipbf4NWjQvdfAbZ65XSZGbfyuYPtIrUJPDH5B1SBRsdlfiEgX3eoz28DdBDzMNFg==",
      "requires": {
        "@ethersproject/abi": "5.4.0",
        "@ethersproject/abstract-provider": "5.4.0",
        "@ethersproject/abstract-signer": "5.4.0",
        "@ethersproject/address": "5.4.0",
        "@ethersproject/base64": "5.4.0",
        "@ethersproject/basex": "5.4.0",
        "@ethersproject/bignumber": "5.4.0",
        "@ethersproject/bytes": "5.4.0",
        "@ethersproject/constants": "5.4.0",
        "@ethersproject/contracts": "5.4.0",
        "@ethersproject/hash": "5.4.0",
        "@ethersproject/hdnode": "5.4.0",
        "@ethersproject/json-wallets": "5.4.0",
        "@ethersproject/keccak256": "5.4.0",
        "@ethersproject/logger": "5.4.0",
        "@ethersproject/networks": "5.4.1",
        "@ethersproject/pbkdf2": "5.4.0",
        "@ethersproject/properties": "5.4.0",
        "@ethersproject/providers": "5.4.1",
        "@ethersproject/random": "5.4.0",
        "@ethersproject/rlp": "5.4.0",
        "@ethersproject/sha2": "5.4.0",
        "@ethersproject/signing-key": "5.4.0",
        "@ethersproject/solidity": "5.4.0",
        "@ethersproject/strings": "5.4.0",
        "@ethersproject/transactions": "5.4.0",
        "@ethersproject/units": "5.4.0",
        "@ethersproject/wallet": "5.4.0",
        "@ethersproject/web": "5.4.0",
        "@ethersproject/wordlists": "5.4.0"
      },
      "dependencies": {
        "@ethersproject/bytes": {
          "version": "5.4.0",
          "resolved": "https://registry.npmjs.org/@ethersproject/bytes/-/bytes-5.4.0.tgz",
          "integrity": "sha512-H60ceqgTHbhzOj4uRc/83SCN9d+BSUnOkrr2intevqdtEMO1JFVZ1XL84OEZV+QjV36OaZYxtnt4lGmxcGsPfA==",
          "requires": {
            "@ethersproject/logger": "^5.4.0"
          }
        },
        "@ethersproject/keccak256": {
          "version": "5.4.0",
          "resolved": "https://registry.npmjs.org/@ethersproject/keccak256/-/keccak256-5.4.0.tgz",
          "integrity": "sha512-FBI1plWet+dPUvAzPAeHzRKiPpETQzqSUWR1wXJGHVWi4i8bOSrpC3NwpkPjgeXG7MnugVc1B42VbfnQikyC/A==",
          "requires": {
            "@ethersproject/bytes": "^5.4.0",
            "js-sha3": "0.5.7"
          }
        },
        "@ethersproject/logger": {
          "version": "5.4.0",
          "resolved": "https://registry.npmjs.org/@ethersproject/logger/-/logger-5.4.0.tgz",
          "integrity": "sha512-xYdWGGQ9P2cxBayt64d8LC8aPFJk6yWCawQi/4eJ4+oJdMMjEBMrIcIMZ9AxhwpPVmnBPrsB10PcXGmGAqgUEQ=="
        },
        "js-sha3": {
          "version": "0.5.7",
          "resolved": "https://registry.npmjs.org/js-sha3/-/js-sha3-0.5.7.tgz",
          "integrity": "sha1-DU/9gALVMzqrr0oj7tL2N0yfKOc="
        }
      }
    },
    "hash.js": {
      "version": "1.1.7",
      "resolved": "https://registry.npmjs.org/hash.js/-/hash.js-1.1.7.tgz",
      "integrity": "sha512-taOaskGt4z4SOANNseOviYDvjEJinIkRgmp7LbKP2YTTmVxWBl87s/uzK9r+44BclBSp2X7K1hqeNfz9JbBeXA==",
      "requires": {
        "inherits": "^2.0.3",
        "minimalistic-assert": "^1.0.1"
      }
    },
    "hmac-drbg": {
      "version": "1.0.1",
      "resolved": "https://registry.npmjs.org/hmac-drbg/-/hmac-drbg-1.0.1.tgz",
      "integrity": "sha1-0nRXAQJabHdabFRXk+1QL8DGSaE=",
      "requires": {
        "hash.js": "^1.0.3",
        "minimalistic-assert": "^1.0.0",
        "minimalistic-crypto-utils": "^1.0.1"
      }
    },
    "hoist-non-react-statics": {
      "version": "3.3.2",
      "resolved": "https://registry.npmjs.org/hoist-non-react-statics/-/hoist-non-react-statics-3.3.2.tgz",
      "integrity": "sha512-/gGivxi8JPKWNm/W0jSmzcMPpfpPLc3dY/6GxhX2hQ9iGj3aDfklV4ET7NjKpSinLpJ5vafa9iiGIEZg10SfBw==",
      "requires": {
        "react-is": "^16.7.0"
      },
      "dependencies": {
        "react-is": {
          "version": "16.13.1",
          "resolved": "https://registry.npmjs.org/react-is/-/react-is-16.13.1.tgz",
          "integrity": "sha512-24e6ynE2H+OKt4kqsOvNd8kBpV65zoxbA4BVsEOB3ARVWQki/DHzaUoC5KuON/BiccDaCCTZBuOcfZs70kR8bQ=="
        }
      }
    },
    "hyphenate-style-name": {
      "version": "1.0.4",
      "resolved": "https://registry.npmjs.org/hyphenate-style-name/-/hyphenate-style-name-1.0.4.tgz",
      "integrity": "sha512-ygGZLjmXfPHj+ZWh6LwbC37l43MhfztxetbFCoYTM2VjkIUpeHgSNn7QIyVFj7YQ1Wl9Cbw5sholVJPzWvC2MQ=="
    },
    "inherits": {
      "version": "2.0.4",
      "resolved": "https://registry.npmjs.org/inherits/-/inherits-2.0.4.tgz",
      "integrity": "sha512-k/vGaX4/Yla3WzyMCvTQOXYeIHvqOKtnqBduzTHpzpQZzAskKMhZ2K+EnBiSM9zGSoIFeMpXKxa4dYeZIQqewQ=="
    },
    "is-in-browser": {
      "version": "1.1.3",
      "resolved": "https://registry.npmjs.org/is-in-browser/-/is-in-browser-1.1.3.tgz",
      "integrity": "sha1-Vv9NtoOgeMYILrldrX3GLh0E+DU="
    },
    "js-sha3": {
      "version": "0.8.0",
      "resolved": "https://registry.npmjs.org/js-sha3/-/js-sha3-0.8.0.tgz",
      "integrity": "sha512-gF1cRrHhIzNfToc802P800N8PpXS+evLLXfsVpowqmAFR9uwbi89WvXg2QspOmXL8QL86J4T1EpFu+yUkwJY3Q=="
    },
    "js-tokens": {
      "version": "4.0.0",
      "resolved": "https://registry.npmjs.org/js-tokens/-/js-tokens-4.0.0.tgz",
      "integrity": "sha512-RdJUflcE3cUzKiMqQgsCu06FPu9UdIJO0beYbPhHN4k6apgJtifcoCtT9bcxOpYBtpD2kCM6Sbzg4CausW/PKQ=="
    },
    "jss": {
      "version": "10.8.1",
      "resolved": "https://registry.npmjs.org/jss/-/jss-10.8.1.tgz",
      "integrity": "sha512-P4wKxU+2m5ReGl0Mmbf9XYgVjFIVZJOZ9ylXBxdpanX+HHgj5XVaAIgYzYpKbBLPCdkAUsI/Iq1fhQPsMNu0YA==",
      "requires": {
        "@babel/runtime": "^7.3.1",
        "csstype": "^3.0.2",
        "is-in-browser": "^1.1.3",
        "tiny-warning": "^1.0.2"
      }
    },
    "jss-plugin-camel-case": {
      "version": "10.8.1",
      "resolved": "https://registry.npmjs.org/jss-plugin-camel-case/-/jss-plugin-camel-case-10.8.1.tgz",
      "integrity": "sha512-nOYKsvX9qh/AcUWSSRZHKyUj4RwqnhUSq4EKNFA1nHsNw0VJYwtF1yqtOPvztWEP3LTlNhcwoPINsb/eKVmYqA==",
      "requires": {
        "@babel/runtime": "^7.3.1",
        "hyphenate-style-name": "^1.0.3",
        "jss": "10.8.1"
      }
    },
    "jss-plugin-default-unit": {
      "version": "10.8.1",
      "resolved": "https://registry.npmjs.org/jss-plugin-default-unit/-/jss-plugin-default-unit-10.8.1.tgz",
      "integrity": "sha512-W/uwVJNrFtUrVyAPfH/3ZngFYUVilMxgNbuWHYslqv3c5gnBKM6iXeoDzOnB+wtQJoSCTLzD3q77H7OeNK3oxg==",
      "requires": {
        "@babel/runtime": "^7.3.1",
        "jss": "10.8.1"
      }
    },
    "jss-plugin-global": {
      "version": "10.8.1",
      "resolved": "https://registry.npmjs.org/jss-plugin-global/-/jss-plugin-global-10.8.1.tgz",
      "integrity": "sha512-ERYLzD+L/v3yQL2mM5/PE+3xU/GCXcfXuGIL1kVkiEIpXnWtND/Mphf2iHQaqedx59uhiVHFZaMtv6qv+iNsDw==",
      "requires": {
        "@babel/runtime": "^7.3.1",
        "jss": "10.8.1"
      }
    },
    "jss-plugin-nested": {
      "version": "10.8.1",
      "resolved": "https://registry.npmjs.org/jss-plugin-nested/-/jss-plugin-nested-10.8.1.tgz",
      "integrity": "sha512-Z15G23Fb8/br23EclH9CAq2UGdi29XgpSWXFTBusMJbWjitFdDCdYMzk7bSUJ6P7L5+WpaIDNxIJ9WrdMRqdXw==",
      "requires": {
        "@babel/runtime": "^7.3.1",
        "jss": "10.8.1",
        "tiny-warning": "^1.0.2"
      }
    },
    "jss-plugin-props-sort": {
      "version": "10.8.1",
      "resolved": "https://registry.npmjs.org/jss-plugin-props-sort/-/jss-plugin-props-sort-10.8.1.tgz",
      "integrity": "sha512-BNbKYuh4IawWr7cticlnbI+kBx01o39DNHkjAkc2CGKWVboUb2EpktDqonqVN/BjyzDgZXKOmwz36ZFkLQB45g==",
      "requires": {
        "@babel/runtime": "^7.3.1",
        "jss": "10.8.1"
      }
    },
    "jss-plugin-rule-value-function": {
      "version": "10.8.1",
      "resolved": "https://registry.npmjs.org/jss-plugin-rule-value-function/-/jss-plugin-rule-value-function-10.8.1.tgz",
      "integrity": "sha512-XrvM4bokyU1xPXr+gVEIlT9WylLQZcdC+1JDxriXDEWmKEjJgtH+w6ZicchTydLqq1qtA4fEevhdMvm4QvgIKw==",
      "requires": {
        "@babel/runtime": "^7.3.1",
        "jss": "10.8.1",
        "tiny-warning": "^1.0.2"
      }
    },
    "jss-plugin-vendor-prefixer": {
      "version": "10.8.1",
      "resolved": "https://registry.npmjs.org/jss-plugin-vendor-prefixer/-/jss-plugin-vendor-prefixer-10.8.1.tgz",
      "integrity": "sha512-77b/iEFmA669s+USru2Y5eg9Hs1C1N0zE/4EaJm/fqKScCTNawHXZv5l5w6j81A9CNa63Ar7jekAIfBkoKFmLw==",
      "requires": {
        "@babel/runtime": "^7.3.1",
        "css-vendor": "^2.0.8",
        "jss": "10.8.1"
      }
    },
    "lodash.merge": {
      "version": "4.6.2",
      "resolved": "https://registry.npmjs.org/lodash.merge/-/lodash.merge-4.6.2.tgz",
      "integrity": "sha512-0KpjqXRVvrYyCsX1swR/XTK0va6VQkQM6MNo7PqW77ByjAhoARA8EfrP1N4+KlKj8YS0ZUCtRT/YUuhyYDujIQ=="
    },
    "loose-envify": {
      "version": "1.4.0",
      "resolved": "https://registry.npmjs.org/loose-envify/-/loose-envify-1.4.0.tgz",
      "integrity": "sha512-lyuxPGr/Wfhrlem2CL/UcnUc1zcqKAImBDzukY7Y5F/yQiNdko6+fRLevlw1HgMySw7f611UIY408EtxRSoK3Q==",
      "requires": {
        "js-tokens": "^3.0.0 || ^4.0.0"
      }
    },
    "minimalistic-assert": {
      "version": "1.0.1",
      "resolved": "https://registry.npmjs.org/minimalistic-assert/-/minimalistic-assert-1.0.1.tgz",
      "integrity": "sha512-UtJcAD4yEaGtjPezWuO9wC4nwUnVH/8/Im3yEHQP4b67cXlD/Qr9hdITCU1xDbSEXg2XKNaP8jsReV7vQd00/A=="
    },
    "minimalistic-crypto-utils": {
      "version": "1.0.1",
      "resolved": "https://registry.npmjs.org/minimalistic-crypto-utils/-/minimalistic-crypto-utils-1.0.1.tgz",
      "integrity": "sha1-9sAMHAsIIkblxNmd+4x8CDsrWCo="
    },
    "nanoid": {
      "version": "3.1.22",
      "resolved": "https://registry.npmjs.org/nanoid/-/nanoid-3.1.22.tgz",
      "integrity": "sha512-/2ZUaJX2ANuLtTvqTlgqBQNJoQO398KyJgZloL0PZkC0dpysjncRUPsFe3DUPzz/y3h+u7C46np8RMuvF3jsSQ=="
    },
    "object-assign": {
      "version": "4.1.1",
      "resolved": "https://registry.npmjs.org/object-assign/-/object-assign-4.1.1.tgz",
      "integrity": "sha1-IQmtx5ZYh8/AXLvUQsrIv7s2CGM="
    },
    "popper.js": {
      "version": "1.16.1-lts",
      "resolved": "https://registry.npmjs.org/popper.js/-/popper.js-1.16.1-lts.tgz",
      "integrity": "sha512-Kjw8nKRl1m+VrSFCoVGPph93W/qrSO7ZkqPpTf7F4bk/sqcfWK019dWBUpE/fBOsOQY1dks/Bmcbfn1heM/IsA=="
    },
    "prop-types": {
      "version": "15.7.2",
      "resolved": "https://registry.npmjs.org/prop-types/-/prop-types-15.7.2.tgz",
      "integrity": "sha512-8QQikdH7//R2vurIJSutZ1smHYTcLpRWEOlHnzcWHmBYrOGUysKwSsrC89BCiFj3CbrfJ/nXFdJepOVrY1GCHQ==",
      "requires": {
        "loose-envify": "^1.4.0",
        "object-assign": "^4.1.1",
        "react-is": "^16.8.1"
      },
      "dependencies": {
        "react-is": {
          "version": "16.13.1",
          "resolved": "https://registry.npmjs.org/react-is/-/react-is-16.13.1.tgz",
          "integrity": "sha512-24e6ynE2H+OKt4kqsOvNd8kBpV65zoxbA4BVsEOB3ARVWQki/DHzaUoC5KuON/BiccDaCCTZBuOcfZs70kR8bQ=="
        }
      }
    },
    "react": {
      "version": "17.0.2",
      "resolved": "https://registry.npmjs.org/react/-/react-17.0.2.tgz",
      "integrity": "sha512-gnhPt75i/dq/z3/6q/0asP78D0u592D5L1pd7M8P+dck6Fu/jJeL6iVVK23fptSUZj8Vjf++7wXA8UNclGQcbA==",
      "requires": {
        "loose-envify": "^1.1.0",
        "object-assign": "^4.1.1"
      }
    },
    "react-dom": {
      "version": "17.0.2",
      "resolved": "https://registry.npmjs.org/react-dom/-/react-dom-17.0.2.tgz",
      "integrity": "sha512-s4h96KtLDUQlsENhMn1ar8t2bEa+q/YAtj8pPPdIjPDGBDIVNsrD9aXNWqspUe6AzKCIG0C1HZZLqLV7qpOBGA==",
      "requires": {
        "loose-envify": "^1.1.0",
        "object-assign": "^4.1.1",
        "scheduler": "^0.20.2"
      }
    },
    "react-is": {
      "version": "17.0.2",
      "resolved": "https://registry.npmjs.org/react-is/-/react-is-17.0.2.tgz",
      "integrity": "sha512-w2GsyukL62IJnlaff/nRegPQR94C/XXamvMWmSHRJ4y7Ts/4ocGRmTHvOs8PSE6pB3dWOrD/nueuU5sduBsQ4w=="
    },
    "react-transition-group": {
      "version": "4.4.2",
      "resolved": "https://registry.npmjs.org/react-transition-group/-/react-transition-group-4.4.2.tgz",
      "integrity": "sha512-/RNYfRAMlZwDSr6z4zNKV6xu53/e2BuaBbGhbyYIXTrmgu/bGHzmqOs7mJSJBHy9Ud+ApHx3QjrkKSp1pxvlFg==",
      "requires": {
        "@babel/runtime": "^7.5.5",
        "dom-helpers": "^5.0.1",
        "loose-envify": "^1.4.0",
        "prop-types": "^15.6.2"
      }
    },
    "regenerator-runtime": {
      "version": "0.13.9",
      "resolved": "https://registry.npmjs.org/regenerator-runtime/-/regenerator-runtime-0.13.9.tgz",
      "integrity": "sha512-p3VT+cOEgxFsRRA9X4lkI1E+k2/CtnKtU4gcxyaCUreilL/vqI6CdZ3wxVUx3UOUg+gnUOQQcRI7BmSI656MYA=="
    },
    "scheduler": {
      "version": "0.20.2",
      "resolved": "https://registry.npmjs.org/scheduler/-/scheduler-0.20.2.tgz",
      "integrity": "sha512-2eWfGgAqqWFGqtdMmcL5zCMK1U8KlXv8SQFGglL3CEtd0aDVDWgeF/YoCmvln55m5zSk3J/20hTaSBeSObsQDQ==",
      "requires": {
        "loose-envify": "^1.1.0",
        "object-assign": "^4.1.1"
      }
    },
    "scrypt-js": {
      "version": "3.0.1",
      "resolved": "https://registry.npmjs.org/scrypt-js/-/scrypt-js-3.0.1.tgz",
      "integrity": "sha512-cdwTTnqPu0Hyvf5in5asVdZocVDTNRmR7XEcJuIzMjJeSHybHl7vpB66AzwTaIg6CLSbtjcxc8fqcySfnTkccA=="
    },
    "tiny-invariant": {
      "version": "1.1.0",
      "resolved": "https://registry.npmjs.org/tiny-invariant/-/tiny-invariant-1.1.0.tgz",
      "integrity": "sha512-ytxQvrb1cPc9WBEI/HSeYYoGD0kWnGEOR8RY6KomWLBVhqz0RgTwVO9dLrGz7dC+nN9llyI7OKAgRq8Vq4ZBSw=="
    },
    "tiny-warning": {
      "version": "1.0.3",
      "resolved": "https://registry.npmjs.org/tiny-warning/-/tiny-warning-1.0.3.tgz",
      "integrity": "sha512-lBN9zLN/oAf68o3zNXYrdCt1kP8WsiGW8Oo2ka41b2IM5JL/S1CTyX1rW0mb/zSuJun0ZUrDxx4sqvYS2FWzPA=="
    },
    "ws": {
      "version": "7.4.6",
      "resolved": "https://registry.npmjs.org/ws/-/ws-7.4.6.tgz",
      "integrity": "sha512-YmhHDO4MzaDLB+M9ym/mDA5z0naX8j7SIlT8f8z+I0VtzsRbekxEutHSme7NPS2qE8StCYQNUnfWdXta/Yu85A=="
    }
  }
}
